Microsoft Visual Studio Solution File, Format Version 12.00
# Visual Studio Version 17
VisualStudioVersion = 17.5.2.0
MinimumVisualStudioVersion = 10.0.40219.1
Project("{FAE04EC0-301F-11D3-BF4B-00C04F79EFBC}") = "CanaryDemoApp", "CanaryDemoApp\CanaryDemoApp.csproj", "{9DA1A6A0-3E03-78D4-70D0-8AB7E2AD2783}"
EndProject
Global
	GlobalSection(SolutionConfigurationPlatforms) = preSolution
		Debug|Any CPU = Debug|Any CPU
		Release|Any CPU = Release|Any CPU
	EndGlobalSection
	GlobalSection(ProjectConfigurationPlatforms) = postSolution
		{9DA1A6A0-3E03-78D4-70D0-8AB7E2AD2783}.Debug|Any CPU.ActiveCfg = Debug|Any CPU
		{9DA1A6A0-3E03-78D4-70D0-8AB7E2AD2783}.Debug|Any CPU.Build.0 = Debug|Any CPU
		{9DA1A6A0-3E03-78D4-70D0-8AB7E2AD2783}.Release|Any CPU.ActiveCfg = Release|Any CPU
		{9DA1A6A0-3E03-78D4-70D0-8AB7E2AD2783}.Release|Any CPU.Build.0 = Release|Any CPU
	EndGlobalSection
	GlobalSection(SolutionProperties) = preSolution
		HideSolutionNode = FALSE
	EndGlobalSection
	GlobalSection(ExtensibilityGlobals) = postSolution
		SolutionGuid = {DEF4EC92-28A1-4976-88BD-91EADBC89753}
	EndGlobalSection
EndGlobal
